// !$*UTF8*$!
{
	archiveVersion = 1;
	classes = {
	};
	objectVersion = 48;
	objects = {

/* Begin PBXBuildFile section */
		F057673A206A1D2C0039DBE9 /* guns.mp3 in Resources */ = {isa = PBXBuildFile; fileRef = F0576739206A1D2C0039DBE9 /* guns.mp3 */; };
		F057673C206A1E600039DBE9 /* OhYeah.aiff in Resources */ = {isa = PBXBuildFile; fileRef = F057673B206A1E600039DBE9 /* OhYeah.aiff */; };
		F09CEDE920636EB500BCEF5A /* AppDelegate.swift in Sources */ = {isa = PBXBuildFile; fileRef = F09CEDE820636EB500BCEF5A /* AppDelegate.swift */; };
		F09CEDEB20636EB500BCEF5A /* ViewController.swift in Sources */ = {isa = PBXBuildFile; fileRef = F09CEDEA20636EB500BCEF5A /* ViewController.swift */; };
		F09CEDEE20636EB500BCEF5A /* Main.storyboard in Resources */ = {isa = PBXBuildFile; fileRef = F09CEDEC20636EB500BCEF5A /* Main.storyboard */; };
		F09CEDF020636EB500BCEF5A /* Assets.xcassets in Resources */ = {isa = PBXBuildFile; fileRef = F09CEDEF20636EB500BCEF5A /* Assets.xcassets */; };
		F09CEDF320636EB500BCEF5A /* LaunchScreen.storyboard in Resources */ = {isa = PBXBuildFile; fileRef = F09CEDF120636EB500BCEF5A /* LaunchScreen.storyboard */; };
/* End PBXBuildFile section */

/* Begin PBXFileReference section */
		F0576739206A1D2C0039DBE9 /* guns.mp3 */ = {isa = PBXFileReference; lastKnownFileType = audio.mp3; path = guns.mp3; sourceTree = "<group>"; };
		F057673B206A1E600039DBE9 /* OhYeah.aiff */ = {isa = PBXFileReference; lastKnownFileType = audio.aiff; path = OhYeah.aiff; sourceTree = "<group>"; };
		F09CEDE520636EB500BCEF5A /* Sync.app */ = {isa = PBXFileReference; explicitFileType = wrapper.application; includeInIndex = 0; path = Sync.app; sourceTree = BUILT_PRODUCTS_DIR; };
		F09CEDE820636EB500BCEF5A /* AppDelegate.swift */ = {isa = PBXFileReference; lastKnownFileType = sourcecode.swift; path = AppDelegate.swift; sourceTree = "<group>"; };
		F09CEDEA20636EB500BCEF5A /* ViewController.swift */ = {isa = PBXFileReference; lastKnownFileType = sourcecode.swift; path = ViewController.swift; sourceTree = "<group>"; };
		F09CEDED20636EB500BCEF5A /* Base */ = {isa = PBXFileReference; lastKnownFileType = file.storyboard; name = Base; path = Base.lproj/Main.storyboard; sourceTree = "<group>"; };
		F09CEDEF20636EB500BCEF5A /* Assets.xcassets */ = {isa = PBXFileReference; lastKnownFileType = folder.assetcatalog; path = Assets.xcassets; sourceTree = "<group>"; };
		F09CEDF220636EB500BCEF5A /* Base */ = {isa = PBXFileReference; lastKnownFileType = file.storyboard; name = Base; path = Base.lproj/LaunchScreen.storyboard; sourceTree = "<group>"; };
		F09CEDF420636EB500BCEF5A /* Info.plist */ = {isa = PBXFileReference; lastKnownFileType = text.plist.xml; path = Info.plist; sourceTree = "<group>"; };
		F09CEDFA20636EC700BCEF5A /* Sync.entitlements */ = {isa = PBXFileReference; lastKnownFileType = text.plist.entitlements; path = Sync.entitlements; sourceTree = "<group>"; };
/* End PBXFileReference section */

/* Begin PBXFrameworksBuildPhase section */
		F09CEDE220636EB500BCEF5A /* Frameworks */ = {
			isa = PBXFrameworksBuildPhase;
			buildActionMask = 2147483647;
			files = (
			);
			runOnlyForDeploymentPostprocessing = 0;
		};
/* End PBXFrameworksBuildPhase section */

/* Begin PBXGroup section */
		F09CEDDC20636EB500BCEF5A = {
			isa = PBXGroup;
			children = (
				F09CEDE720636EB500BCEF5A /* Sync */,
				F09CEDE620636EB500BCEF5A /* Products */,
			);
			sourceTree = "<group>";
		};
		F09CEDE620636EB500BCEF5A /* Products */ = {
			isa = PBXGroup;
			children = (
				F09CEDE520636EB500BCEF5A /* Sync.app */,
			);
			name = Products;
			sourceTree = "<group>";
		};
		F09CEDE720636EB500BCEF5A /* Sync */ = {
			isa = PBXGroup;
			children = (
				F057673B206A1E600039DBE9 /* OhYeah.aiff */,
				F0576739206A1D2C0039DBE9 /* guns.mp3 */,
				F09CEDFA20636EC700BCEF5A /* Sync.entitlements */,
				F09CEDE820636EB500BCEF5A /* AppDelegate.swift */,
				F09CEDEA20636EB500BCEF5A /* ViewController.swift */,
				F09CEDEC20636EB500BCEF5A /* Main.storyboard */,
				F09CEDEF20636EB500BCEF5A /* Assets.xcassets */,
				F09CEDF120636EB500BCEF5A /* LaunchScreen.storyboard */,
				F09CEDF420636EB500BCEF5A /* Info.plist */,
			);
			path = Sync;
			sourceTree = "<group>";
		};
/* End PBXGroup section */

/* Begin PBXNativeTarget section */
		F09CEDE420636EB500BCEF5A /* Sync */ = {
			isa = PBXNativeTarget;
			buildConfigurationList = F09CEDF720636EB500BCEF5A /* Build configuration list for PBXNativeTarget "Sync" */;
			buildPhases = (
				F09CEDE120636EB500BCEF5A /* Sources */,
				F09CEDE220636EB500BCEF5A /* Frameworks */,
				F09CEDE320636EB500BCEF5A /* Resources */,
			);
			buildRules = (
			);
			dependencies = (
			);
			name = Sync;
			productName = Sync;
			productReference = F09CEDE520636EB500BCEF5A /* Sync.app */;
			productType = "com.apple.product-type.application";
		};
/* End PBXNativeTarget section */

/* Begin PBXProject section */
		F09CEDDD20636EB500BCEF5A /* Project object */ = {
			isa = PBXProject;
			attributes = {
				LastSwiftUpdateCheck = 0920;
				LastUpgradeCheck = 0920;
				ORGANIZATIONNAME = "Hills, Dennis";
				TargetAttributes = {
					F09CEDE420636EB500BCEF5A = {
						CreatedOnToolsVersion = 9.2;
						ProvisioningStyle = Automatic;
						SystemCapabilities = {
							com.apple.BackgroundModes = {
								enabled = 1;
							};
							com.apple.Push = {
								enabled = 1;
							};
						};
					};
				};
			};
			buildConfigurationList = F09CEDE020636EB500BCEF5A /* Build configuration list for PBXProject "Sync" */;
			compatibilityVersion = "Xcode 8.0";
			developmentRegion = en;
			hasScannedForEncodings = 0;
			knownRegions = (
				en,
				Base,
			);
			mainGroup = F09CEDDC20636EB500BCEF5A;
			productRefGroup = F09CEDE620636EB500BCEF5A /* Products */;
			projectDirPath = "";
			projectRoot = "";
			targets = (
				F09CEDE420636EB500BCEF5A /* Sync */,
			);
		};
/* End PBXProject section */

/* Begin PBXResourcesBuildPhase section */
		F09CEDE320636EB500BCEF5A /* Resources */ = {
			isa = PBXResourcesBuildPhase;
			buildActionMask = 2147483647;
			files = (
				F09CEDF320636EB500BCEF5A /* LaunchScreen.storyboard in Resources */,
				F09CEDF020636EB500BCEF5A /* Assets.xcassets in Resources */,
				F09CEDEE20636EB500BCEF5A /* Main.storyboard in Resources */,
				F057673C206A1E600039DBE9 /* OhYeah.aiff in Resources */,
				F057673A206A1D2C0039DBE9 /* guns.mp3 in Resources */,
			);
			runOnlyForDeploymentPostprocessing = 0;
		};
/* End PBXResourcesBuildPhase section */

/* Begin PBXSourcesBuildPhase section */
		F09CEDE120636EB500BCEF5A /* Sources */ = {
			isa = PBXSourcesBuildPhase;
			buildActionMask = 2147483647;
			files = (
				F09CEDEB20636EB500BCEF5A /* ViewController.swift in Sources */,
				F09CEDE920636EB500BCEF5A /* AppDelegate.swift in Sources */,
			);
			runOnlyForDeploymentPostprocessing = 0;
		};
/* End PBXSourcesBuildPhase section */

/* Begin PBXVariantGroup section */
		F09CEDEC20636EB500BCEF5A /* Main.storyboard */ = {
			isa = PBXVariantGroup;
			children = (
				F09CEDED20636EB500BCEF5A /* Base */,
			);
			name = Main.storyboard;
			sourceTree = "<group>";
		};
		F09CEDF120636EB500BCEF5A /* LaunchScreen.storyboard */ = {
			isa = PBXVariantGroup;
			children = (
				F09CEDF220636EB500BCEF5A /* Base */,
			);
			name = LaunchScreen.storyboard;
			sourceTree = "<group>";
		};
/* End PBXVariantGroup section */

/* Begin XCBuildConfiguration section */
		F09CEDF520636EB500BCEF5A /* Debug */ = {
			isa = XCBuildConfiguration;
			buildSettings = {
				ALWAYS_SEARCH_USER_PATHS = NO;
				CLANG_ANALYZER_NONNULL = YES;
				CLANG_ANALYZER_NUMBER_OBJECT_CONVERSION = YES_AGGRESSIVE;
				CLANG_CXX_LANGUAGE_STANDARD = "gnu++14";
				CLANG_CXX_LIBRARY = "libc++";
				CLANG_ENABLE_MODULES = YES;
				CLANG_ENABLE_OBJC_ARC = YES;
				CLANG_WARN_BLOCK_CAPTURE_AUTORELEASING = YES;
				CLANG_WARN_BOOL_CONVERSION = YES;
				CLANG_WARN_COMMA = YES;
				CLANG_WARN_CONSTANT_CONVERSION = YES;
				CLANG_WARN_DIRECT_OBJC_ISA_USAGE = YES_ERROR;
				CLANG_WARN_DOCUMENTATION_COMMENTS = YES;
				CLANG_WARN_EMPTY_BODY = YES;
				CLANG_WARN_ENUM_CONVERSION = YES;
				CLANG_WARN_INFINITE_RECURSION = YES;
				CLANG_WARN_INT_CONVERSION = YES;
				CLANG_WARN_NON_LITERAL_NULL_CONVERSION = YES;
				CLANG_WARN_OBJC_LITERAL_CONVERSION = YES;
				CLANG_WARN_OBJC_ROOT_CLASS = YES_ERROR;
				CLANG_WARN_RANGE_LOOP_ANALYSIS = YES;
				CLANG_WARN_STRICT_PROTOTYPES = YES;
				CLANG_WARN_SUSPICIOUS_MOVE = YES;
				CLANG_WARN_UNGUARDED_AVAILABILITY = YES_AGGRESSIVE;
				CLANG_WARN_UNREACHABLE_CODE = YES;
				CLANG_WARN__DUPLICATE_METHOD_MATCH = YES;
				CODE_SIGN_IDENTITY = "iPhone Developer";
				COPY_PHASE_STRIP = NO;
				DEBUG_INFORMATION_FORMAT = dwarf;
				ENABLE_STRICT_OBJC_MSGSEND = YES;
				ENABLE_TESTABILITY = YES;
				GCC_C_LANGUAGE_STANDARD = gnu11;
				GCC_DYNAMIC_NO_PIC = NO;
				GCC_NO_COMMON_BLOCKS = YES;
				GCC_OPTIMIZATION_LEVEL = 0;
				GCC_PREPROCESSOR_DEFINITIONS = (
					"DEBUG=1",
					"$(inherited)",
				);
				GCC_WARN_64_TO_32_BIT_CONVERSION = YES;
				GCC_WARN_ABOUT_RETURN_TYPE = YES_ERROR;
				GCC_WARN_UNDECLARED_SELECTOR = YES;
				GCC_WARN_UNINITIALIZED_AUTOS = YES_AGGRESSIVE;
				GCC_WARN_UNUSED_FUNCTION = YES;
				GCC_WARN_UNUSED_VARIABLE = YES;
				IPHONEOS_DEPLOYMENT_TARGET = 11.2;
				MTL_ENABLE_DEBUG_INFO = YES;
				ONLY_ACTIVE_ARCH = YES;
				SDKROOT = iphoneos;
				SWIFT_ACTIVE_COMPILATION_CONDITIONS = DEBUG;
				SWIFT_OPTIMIZATION_LEVEL = "-Onone";
			};
			name = Debug;
		};
		F09CEDF620636EB500BCEF5A /* Release */ = {
			isa = XCBuildConfiguration;
			buildSettings = {
				ALWAYS_SEARCH_USER_PATHS = NO;
				CLANG_ANALYZER_NONNULL = YES;
				CLANG_ANALYZER_NUMBER_OBJECT_CONVERSION = YES_AGGRESSIVE;
				CLANG_CXX_LANGUAGE_STANDARD = "gnu++14";
				CLANG_CXX_LIBRARY = "libc++";
				CLANG_ENABLE_MODULES = YES;
				CLANG_ENABLE_OBJC_ARC = YES;
				CLANG_WARN_BLOCK_CAPTURE_AUTORELEASING = YES;
				CLANG_WARN_BOOL_CONVERSION = YES;
				CLANG_WARN_COMMA = YES;
				CLANG_WARN_CONSTANT_CONVERSION = YES;
				CLANG_WARN_DIRECT_OBJC_ISA_USAGE = YES_ERROR;
				CLANG_WARN_DOCUMENTATION_COMMENTS = YES;
				CLANG_WARN_EMPTY_BODY = YES;
				CLANG_WARN_ENUM_CONVERSION = YES;
				CLANG_WARN_INFINITE_RECURSION = YES;
				CLANG_WARN_INT_CONVERSION = YES;
				CLANG_WARN_NON_LITERAL_NULL_CONVERSION = YES;
				CLANG_WARN_OBJC_LITERAL_CONVERSION = YES;
				CLANG_WARN_OBJC_ROOT_CLASS = YES_ERROR;
				CLANG_WARN_RANGE_LOOP_ANALYSIS = YES;
				CLANG_WARN_STRICT_PROTOTYPES = YES;
				CLANG_WARN_SUSPICIOUS_MOVE = YES;
				CLANG_WARN_UNGUARDED_AVAILABILITY = YES_AGGRESSIVE;
				CLANG_WARN_UNREACHABLE_CODE = YES;
				CLANG_WARN__DUPLICATE_METHOD_MATCH = YES;
				CODE_SIGN_IDENTITY = "iPhone Developer";
				COPY_PHASE_STRIP = NO;
				DEBUG_INFORMATION_FORMAT = "dwarf-with-dsym";
				ENABLE_NS_ASSERTIONS = NO;
				ENABLE_STRICT_OBJC_MSGSEND = YES;
				GCC_C_LANGUAGE_STANDARD = gnu11;
				GCC_NO_COMMON_BLOCKS = YES;
				GCC_WARN_64_TO_32_BIT_CONVERSION = YES;
				GCC_WARN_ABOUT_RETURN_TYPE = YES_ERROR;
				GCC_WARN_UNDECLARED_SELECTOR = YES;
				GCC_WARN_UNINITIALIZED_AUTOS = YES_AGGRESSIVE;
				GCC_WARN_UNUSED_FUNCTION = YES;
				GCC_WARN_UNUSED_VARIABLE = YES;
				IPHONEOS_DEPLOYMENT_TARGET = 11.2;
				MTL_ENABLE_DEBUG_INFO = NO;
				SDKROOT = iphoneos;
				SWIFT_OPTIMIZATION_LEVEL = "-Owholemodule";
				VALIDATE_PRODUCT = YES;
			};
			name = Release;
		};
		F09CEDF820636EB500BCEF5A /* Debug */ = {
			isa = XCBuildConfiguration;
			buildSettings = {
				ASSETCATALOG_COMPILER_APPICON_NAME = AppIcon;
				CODE_SIGN_ENTITLEMENTS = Sync/Sync.entitlements;
				CODE_SIGN_STYLE = Automatic;
				DEVELOPMENT_TEAM = GR5DHCQV9E;
				INFOPLIST_FILE = Sync/Info.plist;
				IPHONEOS_DEPLOYMENT_TARGET = 10.3;
				LD_RUNPATH_SEARCH_PATHS = "$(inherited) @executable_path/Frameworks";
				PRODUCT_BUNDLE_IDENTIFIER = me.awsmobile.sync;
				PRODUCT_NAME = "$(TARGET_NAME)";
				SWIFT_VERSION = 4.0;
				TARGETED_DEVICE_FAMILY = 1;
			};
			name = Debug;
		};
		F09CEDF920636EB500BCEF5A /* Release */ = {
			isa = XCBuildConfiguration;
			buildSettings = {
				ASSETCATALOG_COMPILER_APPICON_NAME = AppIcon;
				CODE_SIGN_ENTITLEMENTS = Sync/Sync.entitlements;
				CODE_SIGN_STYLE = Automatic;
				DEVELOPMENT_TEAM = GR5DHCQV9E;
				INFOPLIST_FILE = Sync/Info.plist;
				IPHONEOS_DEPLOYMENT_TARGET = 10.3;
				LD_RUNPATH_SEARCH_PATHS = "$(inherited) @executable_path/Frameworks";
				PRODUCT_BUNDLE_IDENTIFIER = me.awsmobile.sync;
				PRODUCT_NAME = "$(TARGET_NAME)";
				SWIFT_VERSION = 4.0;
				TARGETED_DEVICE_FAMILY = 1;
			};
			name = Release;
		};
/* End XCBuildConfiguration section */

/* Begin XCConfigurationList section */
		F09CEDE020636EB500BCEF5A /* Build configuration list for PBXProject "Sync" */ = {
			isa = XCConfigurationList;
			buildConfigurations = (
				F09CEDF520636EB500BCEF5A /* Debug */,
				F09CEDF620636EB500BCEF5A /* Release */,
			);
			defaultConfigurationIsVisible = 0;
			defaultConfigurationName = Release;
		};
		F09CEDF720636EB500BCEF5A /* Build configuration list for PBXNativeTarget "Sync" */ = {
			isa = XCConfigurationList;
			buildConfigurations = (
				F09CEDF820636EB500BCEF5A /* Debug */,
				F09CEDF920636EB500BCEF5A /* Release */,
			);
			defaultConfigurationIsVisible = 0;
			defaultConfigurationName = Release;
		};
/* End XCConfigurationList section */
	};
	rootObject = F09CEDDD20636EB500BCEF5A /* Project object */;
}
